
Microsoft Visual Studio Solution File, Format Version 12.00
# Visual Studio 2012
Project("{FAE04EC0-301F-11D3-BF4B-00C04F79EFBC}") = "OpenlyLocal.Core", "OpenlyLocal.Core\OpenlyLocal.Core.csproj", "{1CFC6854-39C1-4914-BAAF-893E0E1438EC}"
EndProject
Project("{FAE04EC0-301F-11D3-BF4B-00C04F79EFBC}") = "OpenlyLocal.Droid", "OpenlyLocal.Droid\OpenlyLocal.Droid.csproj", "{086B421B-AAFF-4EF7-9252-6279EA1F117C}"
EndProject
Project("{FAE04EC0-301F-11D3-BF4B-00C04F79EFBC}") = "OpenlyLocal.Tests", "OpenlyLocal.Tests\OpenlyLocal.Tests.csproj", "{248CA919-C691-4D74-98C7-8237AAE0015B}"
EndProject
Global
	GlobalSection(SolutionConfigurationPlatforms) = preSolution
		Debug|Any CPU = Debug|Any CPU
		Release|Any CPU = Release|Any CPU
	EndGlobalSection
	GlobalSection(ProjectConfigurationPlatforms) = postSolution
		{1CFC6854-39C1-4914-BAAF-893E0E1438EC}.Debug|Any CPU.ActiveCfg = Debug|Any CPU
		{1CFC6854-39C1-4914-BAAF-893E0E1438EC}.Debug|Any CPU.Build.0 = Debug|Any CPU
		{1CFC6854-39C1-4914-BAAF-893E0E1438EC}.Release|Any CPU.ActiveCfg = Release|Any CPU
		{1CFC6854-39C1-4914-BAAF-893E0E1438EC}.Release|Any CPU.Build.0 = Release|Any CPU
		{086B421B-AAFF-4EF7-9252-6279EA1F117C}.Debug|Any CPU.ActiveCfg = Debug|Any CPU
		{086B421B-AAFF-4EF7-9252-6279EA1F117C}.Debug|Any CPU.Build.0 = Debug|Any CPU
		{086B421B-AAFF-4EF7-9252-6279EA1F117C}.Debug|Any CPU.Deploy.0 = Debug|Any CPU
		{086B421B-AAFF-4EF7-9252-6279EA1F117C}.Release|Any CPU.ActiveCfg = Release|Any CPU
		{086B421B-AAFF-4EF7-9252-6279EA1F117C}.Release|Any CPU.Build.0 = Release|Any CPU
		{086B421B-AAFF-4EF7-9252-6279EA1F117C}.Release|Any CPU.Deploy.0 = Release|Any CPU
		{248CA919-C691-4D74-98C7-8237AAE0015B}.Debug|Any CPU.ActiveCfg = Debug|Any CPU
		{248CA919-C691-4D74-98C7-8237AAE0015B}.Debug|Any CPU.Build.0 = Debug|Any CPU
		{248CA919-C691-4D74-98C7-8237AAE0015B}.Release|Any CPU.ActiveCfg = Release|Any CPU
		{248CA919-C691-4D74-98C7-8237AAE0015B}.Release|Any CPU.Build.0 = Release|Any CPU
	EndGlobalSection
	GlobalSection(SolutionProperties) = preSolution
		HideSolutionNode = FALSE
	EndGlobalSection
EndGlobal
